{
  "nodes": {
    "nixpkgs": {
      "locked": {
        "lastModified": 1788254679,
        "narHash": "sha256-i/lPJ4yC1NI7tS0lk88A8FK683Jlhy9LixP1D0kEYJ8=",
        "owner": "nixos",
        "repo": "nixpkgs",
        "rev": "f0e996ff59c7624eba9db8972e8f1623a69d3b83",
        "type": "github"
      },
      "original": {
        "owner": "nixos",
        "ref": "nixpkgs-unstable",
        "repo": "nixpkgs",
        "type": "github"
      }
    },
    "root": {
      "inputs": {
        "nixpkgs": "nixpkgs"
      }
    }
  },
  "root": "root",
  "version": 7
}
